
Microsoft Visual Studio Solution File, Format Version 12.00
# Visual Studio 2012
Project("{8BC9CEB8-8B4A-11D0-8D11-00A0C91BC942}") = "SSPP_MFC", "VSHorn\VSHorn.vcxproj", "{DF2129B3-2E5D-46C1-9A57-0078206CB6EC}"
EndProject
Project("{2150E333-8FDC-42A3-9474-1A3956D46DE8}") = "Solution Items", "Solution Items", "{26DE7557-99EE-4063-B966-927BF44CCDA9}"
	ProjectSection(SolutionItems) = preProject
		Performance1.psess = Performance1.psess
	EndProjectSection
EndProject
Global
	GlobalSection(SolutionConfigurationPlatforms) = preSolution
		Debug|Win32 = Debug|Win32
		Release|Win32 = Release|Win32
	EndGlobalSection
	GlobalSection(ProjectConfigurationPlatforms) = postSolution
		{DF2129B3-2E5D-46C1-9A57-0078206CB6EC}.Debug|Win32.ActiveCfg = Debug|Win32
		{DF2129B3-2E5D-46C1-9A57-0078206CB6EC}.Debug|Win32.Build.0 = Debug|Win32
		{DF2129B3-2E5D-46C1-9A57-0078206CB6EC}.Release|Win32.ActiveCfg = Release|Win32
		{DF2129B3-2E5D-46C1-9A57-0078206CB6EC}.Release|Win32.Build.0 = Release|Win32
	EndGlobalSection
	GlobalSection(SolutionProperties) = preSolution
		HideSolutionNode = FALSE
	EndGlobalSection
	GlobalSection(Performance) = preSolution
		HasPerformanceSessions = true
	EndGlobalSection
EndGlobal
